
Microsoft Visual Studio Solution File, Format Version 12.00
# Visual Studio Version 16
VisualStudioVersion = 16.0.30804.86
MinimumVisualStudioVersion = 10.0.40219.1
Project("{9A19103F-16F7-4668-BE54-9A1E7A4F7556}") = "BtcIO", "BtcIO\BtcIO.csproj", "{5860E774-5860-4BF3-A1EC-04A65FA954E7}"
EndProject
Project("{9A19103F-16F7-4668-BE54-9A1E7A4F7556}") = "BtcWalletTools", "BtcWalletTools\BtcWalletTools.csproj", "{127D07F0-9B1B-466F-AA26-A4157B2D6A87}"
EndProject
Project("{9A19103F-16F7-4668-BE54-9A1E7A4F7556}") = "BtcIO_Avalonia", "BtcIO_Avalonia\BtcIO_Avalonia.csproj", "{6B22BCEB-D587-4006-A17A-9E714018FDCF}"
EndProject
Project("{FAE04EC0-301F-11D3-BF4B-00C04F79EFBC}") = "xNet", "xNet\xNet.csproj", "{5D25D06E-0D35-42EF-BBA2-D5DE6E06CD04}"
EndProject
Global
	GlobalSection(SolutionConfigurationPlatforms) = preSolution
		Debug|Any CPU = Debug|Any CPU
		Release|Any CPU = Release|Any CPU
	EndGlobalSection
	GlobalSection(ProjectConfigurationPlatforms) = postSolution
		{5860E774-5860-4BF3-A1EC-04A65FA954E7}.Debug|Any CPU.ActiveCfg = Debug|Any CPU
		{5860E774-5860-4BF3-A1EC-04A65FA954E7}.Debug|Any CPU.Build.0 = Debug|Any CPU
		{5860E774-5860-4BF3-A1EC-04A65FA954E7}.Release|Any CPU.ActiveCfg = Release|Any CPU
		{5860E774-5860-4BF3-A1EC-04A65FA954E7}.Release|Any CPU.Build.0 = Release|Any CPU
		{127D07F0-9B1B-466F-AA26-A4157B2D6A87}.Debug|Any CPU.ActiveCfg = Debug|Any CPU
		{127D07F0-9B1B-466F-AA26-A4157B2D6A87}.Debug|Any CPU.Build.0 = Debug|Any CPU
		{127D07F0-9B1B-466F-AA26-A4157B2D6A87}.Release|Any CPU.ActiveCfg = Release|Any CPU
		{127D07F0-9B1B-466F-AA26-A4157B2D6A87}.Release|Any CPU.Build.0 = Release|Any CPU
		{6B22BCEB-D587-4006-A17A-9E714018FDCF}.Debug|Any CPU.ActiveCfg = Debug|Any CPU
		{6B22BCEB-D587-4006-A17A-9E714018FDCF}.Debug|Any CPU.Build.0 = Debug|Any CPU
		{6B22BCEB-D587-4006-A17A-9E714018FDCF}.Release|Any CPU.ActiveCfg = Release|Any CPU
		{6B22BCEB-D587-4006-A17A-9E714018FDCF}.Release|Any CPU.Build.0 = Release|Any CPU
		{5D25D06E-0D35-42EF-BBA2-D5DE6E06CD04}.Debug|Any CPU.ActiveCfg = Debug|Any CPU
		{5D25D06E-0D35-42EF-BBA2-D5DE6E06CD04}.Debug|Any CPU.Build.0 = Debug|Any CPU
		{5D25D06E-0D35-42EF-BBA2-D5DE6E06CD04}.Release|Any CPU.ActiveCfg = Release|Any CPU
		{5D25D06E-0D35-42EF-BBA2-D5DE6E06CD04}.Release|Any CPU.Build.0 = Release|Any CPU
	EndGlobalSection
	GlobalSection(SolutionProperties) = preSolution
		HideSolutionNode = FALSE
	EndGlobalSection
	GlobalSection(ExtensibilityGlobals) = postSolution
		SolutionGuid = {E6A426FE-45E7-4063-A839-E74B537F762A}
	EndGlobalSection
EndGlobal
